
Microsoft Visual Studio Solution File, Format Version 12.00
# Visual Studio Version 17
VisualStudioVersion = 17.5.33502.453
MinimumVisualStudioVersion = 10.0.40219.1
Project("{FAE04EC0-301F-11D3-BF4B-00C04F79EFBC}") = "APICQRSDemo", "APICQRSDemo.csproj", "{0851F112-176D-4A37-AE4C-143253D08C6B}"
EndProject
Project("{FAE04EC0-301F-11D3-BF4B-00C04F79EFBC}") = "APIEFCoreSQLSp", "..\APIEFCoreSQLSp\APIEFCoreSQLSp.csproj", "{32155126-97CD-40CF-9C1D-28393643B228}"
EndProject
Global
	GlobalSection(SolutionConfigurationPlatforms) = preSolution
		Debug|Any CPU = Debug|Any CPU
		Release|Any CPU = Release|Any CPU
	EndGlobalSection
	GlobalSection(ProjectConfigurationPlatforms) = postSolution
		{0851F112-176D-4A37-AE4C-143253D08C6B}.Debug|Any CPU.ActiveCfg = Debug|Any CPU
		{0851F112-176D-4A37-AE4C-143253D08C6B}.Debug|Any CPU.Build.0 = Debug|Any CPU
		{0851F112-176D-4A37-AE4C-143253D08C6B}.Release|Any CPU.ActiveCfg = Release|Any CPU
		{0851F112-176D-4A37-AE4C-143253D08C6B}.Release|Any CPU.Build.0 = Release|Any CPU
		{32155126-97CD-40CF-9C1D-28393643B228}.Debug|Any CPU.ActiveCfg = Debug|Any CPU
		{32155126-97CD-40CF-9C1D-28393643B228}.Debug|Any CPU.Build.0 = Debug|Any CPU
		{32155126-97CD-40CF-9C1D-28393643B228}.Release|Any CPU.ActiveCfg = Release|Any CPU
		{32155126-97CD-40CF-9C1D-28393643B228}.Release|Any CPU.Build.0 = Release|Any CPU
	EndGlobalSection
	GlobalSection(SolutionProperties) = preSolution
		HideSolutionNode = FALSE
	EndGlobalSection
	GlobalSection(ExtensibilityGlobals) = postSolution
		SolutionGuid = {7DA06E20-C651-411A-B1E1-B4B7BCE9815A}
	EndGlobalSection
EndGlobal
